
Microsoft Visual Studio Solution File, Format Version 12.00
# Visual Studio Version 17
VisualStudioVersion = 17.9.34526.213
MinimumVisualStudioVersion = 10.0.40219.1
Project("{8BC9CEB8-8B4A-11D0-8D11-00A0C91BC942}") = "Sugongamongsus", "Sugongamongsus\Sugongamongsus.vcxproj", "{70F15D5C-F53D-4CA6-AA7D-F209A2A49861}"
EndProject
Global
	GlobalSection(SolutionConfigurationPlatforms) = preSolution
		Debug|x64 = Debug|x64
		Debug|x86 = Debug|x86
		Release|x64 = Release|x64
		Release|x86 = Release|x86
	EndGlobalSection
	GlobalSection(ProjectConfigurationPlatforms) = postSolution
		{70F15D5C-F53D-4CA6-AA7D-F209A2A49861}.Debug|x64.ActiveCfg = Debug|x64
		{70F15D5C-F53D-4CA6-AA7D-F209A2A49861}.Debug|x64.Build.0 = Debug|x64
		{70F15D5C-F53D-4CA6-AA7D-F209A2A49861}.Debug|x86.ActiveCfg = Debug|Win32
		{70F15D5C-F53D-4CA6-AA7D-F209A2A49861}.Debug|x86.Build.0 = Debug|Win32
		{70F15D5C-F53D-4CA6-AA7D-F209A2A49861}.Release|x64.ActiveCfg = Release|x64
		{70F15D5C-F53D-4CA6-AA7D-F209A2A49861}.Release|x64.Build.0 = Release|x64
		{70F15D5C-F53D-4CA6-AA7D-F209A2A49861}.Release|x86.ActiveCfg = Release|Win32
		{70F15D5C-F53D-4CA6-AA7D-F209A2A49861}.Release|x86.Build.0 = Release|Win32
	EndGlobalSection
	GlobalSection(SolutionProperties) = preSolution
		HideSolutionNode = FALSE
	EndGlobalSection
	GlobalSection(ExtensibilityGlobals) = postSolution
		SolutionGuid = {A4530587-1BD0-4D47-B308-B54E17ECB668}
	EndGlobalSection
EndGlobal
